// !$*UTF8*$!
{
	archiveVersion = 1;
	classes = {
	};
	objectVersion = 50;
	objects = {

/* Begin PBXBuildFile section */
		38730393212C9E580028C79C /* SolarSystemTableViewController.swift in Sources */ = {isa = PBXBuildFile; fileRef = 38730392212C9E580028C79C /* SolarSystemTableViewController.swift */; };
		38730395212C9E6D0028C79C /* PlanetViewController.swift in Sources */ = {isa = PBXBuildFile; fileRef = 38730394212C9E6D0028C79C /* PlanetViewController.swift */; };
		38730397212CA97E0028C79C /* PlanetController.swift in Sources */ = {isa = PBXBuildFile; fileRef = 38730396212CA97E0028C79C /* PlanetController.swift */; };
		38730399212CA9960028C79C /* Planet.swift in Sources */ = {isa = PBXBuildFile; fileRef = 38730398212CA9960028C79C /* Planet.swift */; };
		388E05B2212C5F9E0004B8DA /* AppDelegate.swift in Sources */ = {isa = PBXBuildFile; fileRef = 388E05B1212C5F9E0004B8DA /* AppDelegate.swift */; };
		388E05B7212C5F9E0004B8DA /* Main.storyboard in Resources */ = {isa = PBXBuildFile; fileRef = 388E05B5212C5F9E0004B8DA /* Main.storyboard */; };
		388E05B9212C5F9F0004B8DA /* Assets.xcassets in Resources */ = {isa = PBXBuildFile; fileRef = 388E05B8212C5F9F0004B8DA /* Assets.xcassets */; };
		388E05BC212C5F9F0004B8DA /* LaunchScreen.storyboard in Resources */ = {isa = PBXBuildFile; fileRef = 388E05BA212C5F9F0004B8DA /* LaunchScreen.storyboard */; };
/* End PBXBuildFile section */

/* Begin PBXFileReference section */
		38730392212C9E580028C79C /* SolarSystemTableViewController.swift */ = {isa = PBXFileReference; lastKnownFileType = sourcecode.swift; path = SolarSystemTableViewController.swift; sourceTree = "<group>"; };
		38730394212C9E6D0028C79C /* PlanetViewController.swift */ = {isa = PBXFileReference; lastKnownFileType = sourcecode.swift; path = PlanetViewController.swift; sourceTree = "<group>"; };
		38730396212CA97E0028C79C /* PlanetController.swift */ = {isa = PBXFileReference; lastKnownFileType = sourcecode.swift; path = PlanetController.swift; sourceTree = "<group>"; };
		38730398212CA9960028C79C /* Planet.swift */ = {isa = PBXFileReference; lastKnownFileType = sourcecode.swift; path = Planet.swift; sourceTree = "<group>"; };
		388E05AE212C5F9E0004B8DA /* Solar System.app */ = {isa = PBXFileReference; explicitFileType = wrapper.application; includeInIndex = 0; path = "Solar System.app"; sourceTree = BUILT_PRODUCTS_DIR; };
		388E05B1212C5F9E0004B8DA /* AppDelegate.swift */ = {isa = PBXFileReference; lastKnownFileType = sourcecode.swift; path = AppDelegate.swift; sourceTree = "<group>"; };
		388E05B6212C5F9E0004B8DA /* Base */ = {isa = PBXFileReference; lastKnownFileType = file.storyboard; name = Base; path = Base.lproj/Main.storyboard; sourceTree = "<group>"; };
		388E05B8212C5F9F0004B8DA /* Assets.xcassets */ = {isa = PBXFileReference; lastKnownFileType = folder.assetcatalog; path = Assets.xcassets; sourceTree = "<group>"; };
		388E05BB212C5F9F0004B8DA /* Base */ = {isa = PBXFileReference; lastKnownFileType = file.storyboard; name = Base; path = Base.lproj/LaunchScreen.storyboard; sourceTree = "<group>"; };
		388E05BD212C5F9F0004B8DA /* Info.plist */ = {isa = PBXFileReference; lastKnownFileType = text.plist.xml; path = Info.plist; sourceTree = "<group>"; };
/* End PBXFileReference section */

/* Begin PBXFrameworksBuildPhase section */
		388E05AB212C5F9E0004B8DA /* Frameworks */ = {
			isa = PBXFrameworksBuildPhase;
			buildActionMask = 2147483647;
			files = (
			);
			runOnlyForDeploymentPostprocessing = 0;
		};
/* End PBXFrameworksBuildPhase section */

/* Begin PBXGroup section */
		388E05A5212C5F9E0004B8DA = {
			isa = PBXGroup;
			children = (
				388E05B0212C5F9E0004B8DA /* Solar System */,
				388E05AF212C5F9E0004B8DA /* Products */,
			);
			sourceTree = "<group>";
		};
		388E05AF212C5F9E0004B8DA /* Products */ = {
			isa = PBXGroup;
			children = (
				388E05AE212C5F9E0004B8DA /* Solar System.app */,
			);
			name = Products;
			sourceTree = "<group>";
		};
		388E05B0212C5F9E0004B8DA /* Solar System */ = {
			isa = PBXGroup;
			children = (
				388E05B1212C5F9E0004B8DA /* AppDelegate.swift */,
				38730392212C9E580028C79C /* SolarSystemTableViewController.swift */,
				38730394212C9E6D0028C79C /* PlanetViewController.swift */,
				38730396212CA97E0028C79C /* PlanetController.swift */,
				38730398212CA9960028C79C /* Planet.swift */,
				388E05B5212C5F9E0004B8DA /* Main.storyboard */,
				388E05B8212C5F9F0004B8DA /* Assets.xcassets */,
				388E05BA212C5F9F0004B8DA /* LaunchScreen.storyboard */,
				388E05BD212C5F9F0004B8DA /* Info.plist */,
			);
			path = "Solar System";
			sourceTree = "<group>";
		};
/* End PBXGroup section */

/* Begin PBXNativeTarget section */
		388E05AD212C5F9E0004B8DA /* Solar System */ = {
			isa = PBXNativeTarget;
			buildConfigurationList = 388E05C0212C5F9F0004B8DA /* Build configuration list for PBXNativeTarget "Solar System" */;
			buildPhases = (
				388E05AA212C5F9E0004B8DA /* Sources */,
				388E05AB212C5F9E0004B8DA /* Frameworks */,
				388E05AC212C5F9E0004B8DA /* Resources */,
			);
			buildRules = (
			);
			dependencies = (
			);
			name = "Solar System";
			productName = "Solar System";
			productReference = 388E05AE212C5F9E0004B8DA /* Solar System.app */;
			productType = "com.apple.product-type.application";
		};
/* End PBXNativeTarget section */

/* Begin PBXProject section */
		388E05A6212C5F9E0004B8DA /* Project object */ = {
			isa = PBXProject;
			attributes = {
				LastSwiftUpdateCheck = 0940;
				LastUpgradeCheck = 0940;
				ORGANIZATIONNAME = "Eric Andersen";
				TargetAttributes = {
					388E05AD212C5F9E0004B8DA = {
						CreatedOnToolsVersion = 9.4.1;
					};
				};
			};
			buildConfigurationList = 388E05A9212C5F9E0004B8DA /* Build configuration list for PBXProject "Solar System" */;
			compatibilityVersion = "Xcode 9.3";
			developmentRegion = en;
			hasScannedForEncodings = 0;
			knownRegions = (
				en,
				Base,
			);
			mainGroup = 388E05A5212C5F9E0004B8DA;
			productRefGroup = 388E05AF212C5F9E0004B8DA /* Products */;
			projectDirPath = "";
			projectRoot = "";
			targets = (
				388E05AD212C5F9E0004B8DA /* Solar System */,
			);
		};
/* End PBXProject section */

/* Begin PBXResourcesBuildPhase section */
		388E05AC212C5F9E0004B8DA /* Resources */ = {
			isa = PBXResourcesBuildPhase;
			buildActionMask = 2147483647;
			files = (
				388E05BC212C5F9F0004B8DA /* LaunchScreen.storyboard in Resources */,
				388E05B9212C5F9F0004B8DA /* Assets.xcassets in Resources */,
				388E05B7212C5F9E0004B8DA /* Main.storyboard in Resources */,
			);
			runOnlyForDeploymentPostprocessing = 0;
		};
/* End PBXResourcesBuildPhase section */

/* Begin PBXSourcesBuildPhase section */
		388E05AA212C5F9E0004B8DA /* Sources */ = {
			isa = PBXSourcesBuildPhase;
			buildActionMask = 2147483647;
			files = (
				38730395212C9E6D0028C79C /* PlanetViewController.swift in Sources */,
				38730397212CA97E0028C79C /* PlanetController.swift in Sources */,
				38730393212C9E580028C79C /* SolarSystemTableViewController.swift in Sources */,
				388E05B2212C5F9E0004B8DA /* AppDelegate.swift in Sources */,
				38730399212CA9960028C79C /* Planet.swift in Sources */,
			);
			runOnlyForDeploymentPostprocessing = 0;
		};
/* End PBXSourcesBuildPhase section */

/* Begin PBXVariantGroup section */
		388E05B5212C5F9E0004B8DA /* Main.storyboard */ = {
			isa = PBXVariantGroup;
			children = (
				388E05B6212C5F9E0004B8DA /* Base */,
			);
			name = Main.storyboard;
			sourceTree = "<group>";
		};
		388E05BA212C5F9F0004B8DA /* LaunchScreen.storyboard */ = {
			isa = PBXVariantGroup;
			children = (
				388E05BB212C5F9F0004B8DA /* Base */,
			);
			name = LaunchScreen.storyboard;
			sourceTree = "<group>";
		};
/* End PBXVariantGroup section */

/* Begin XCBuildConfiguration section */
		388E05BE212C5F9F0004B8DA /* Debug */ = {
			isa = XCBuildConfiguration;
			buildSettings = {
				ALWAYS_SEARCH_USER_PATHS = NO;
				CLANG_ANALYZER_NONNULL = YES;
				CLANG_ANALYZER_NUMBER_OBJECT_CONVERSION = YES_AGGRESSIVE;
				CLANG_CXX_LANGUAGE_STANDARD = "gnu++14";
				CLANG_CXX_LIBRARY = "libc++";
				CLANG_ENABLE_MODULES = YES;
				CLANG_ENABLE_OBJC_ARC = YES;
				CLANG_ENABLE_OBJC_WEAK = YES;
				CLANG_WARN_BLOCK_CAPTURE_AUTORELEASING = YES;
				CLANG_WARN_BOOL_CONVERSION = YES;
				CLANG_WARN_COMMA = YES;
				CLANG_WARN_CONSTANT_CONVERSION = YES;
				CLANG_WARN_DEPRECATED_OBJC_IMPLEMENTATIONS = YES;
				CLANG_WARN_DIRECT_OBJC_ISA_USAGE = YES_ERROR;
				CLANG_WARN_DOCUMENTATION_COMMENTS = YES;
				CLANG_WARN_EMPTY_BODY = YES;
				CLANG_WARN_ENUM_CONVERSION = YES;
				CLANG_WARN_INFINITE_RECURSION = YES;
				CLANG_WARN_INT_CONVERSION = YES;
				CLANG_WARN_NON_LITERAL_NULL_CONVERSION = YES;
				CLANG_WARN_OBJC_IMPLICIT_RETAIN_SELF = YES;
				CLANG_WARN_OBJC_LITERAL_CONVERSION = YES;
				CLANG_WARN_OBJC_ROOT_CLASS = YES_ERROR;
				CLANG_WARN_RANGE_LOOP_ANALYSIS = YES;
				CLANG_WARN_STRICT_PROTOTYPES = YES;
				CLANG_WARN_SUSPICIOUS_MOVE = YES;
				CLANG_WARN_UNGUARDED_AVAILABILITY = YES_AGGRESSIVE;
				CLANG_WARN_UNREACHABLE_CODE = YES;
				CLANG_WARN__DUPLICATE_METHOD_MATCH = YES;
				CODE_SIGN_IDENTITY = "iPhone Developer";
				COPY_PHASE_STRIP = NO;
				DEBUG_INFORMATION_FORMAT = dwarf;
				ENABLE_STRICT_OBJC_MSGSEND = YES;
				ENABLE_TESTABILITY = YES;
				GCC_C_LANGUAGE_STANDARD = gnu11;
				GCC_DYNAMIC_NO_PIC = NO;
				GCC_NO_COMMON_BLOCKS = YES;
				GCC_OPTIMIZATION_LEVEL = 0;
				GCC_PREPROCESSOR_DEFINITIONS = (
					"DEBUG=1",
					"$(inherited)",
				);
				GCC_WARN_64_TO_32_BIT_CONVERSION = YES;
				GCC_WARN_ABOUT_RETURN_TYPE = YES_ERROR;
				GCC_WARN_UNDECLARED_SELECTOR = YES;
				GCC_WARN_UNINITIALIZED_AUTOS = YES_AGGRESSIVE;
				GCC_WARN_UNUSED_FUNCTION = YES;
				GCC_WARN_UNUSED_VARIABLE = YES;
				IPHONEOS_DEPLOYMENT_TARGET = 11.4;
				MTL_ENABLE_DEBUG_INFO = YES;
				ONLY_ACTIVE_ARCH = YES;
				SDKROOT = iphoneos;
				SWIFT_ACTIVE_COMPILATION_CONDITIONS = DEBUG;
				SWIFT_OPTIMIZATION_LEVEL = "-Onone";
			};
			name = Debug;
		};
		388E05BF212C5F9F0004B8DA /* Release */ = {
			isa = XCBuildConfiguration;
			buildSettings = {
				ALWAYS_SEARCH_USER_PATHS = NO;
				CLANG_ANALYZER_NONNULL = YES;
				CLANG_ANALYZER_NUMBER_OBJECT_CONVERSION = YES_AGGRESSIVE;
				CLANG_CXX_LANGUAGE_STANDARD = "gnu++14";
				CLANG_CXX_LIBRARY = "libc++";
				CLANG_ENABLE_MODULES = YES;
				CLANG_ENABLE_OBJC_ARC = YES;
				CLANG_ENABLE_OBJC_WEAK = YES;
				CLANG_WARN_BLOCK_CAPTURE_AUTORELEASING = YES;
				CLANG_WARN_BOOL_CONVERSION = YES;
				CLANG_WARN_COMMA = YES;
				CLANG_WARN_CONSTANT_CONVERSION = YES;
				CLANG_WARN_DEPRECATED_OBJC_IMPLEMENTATIONS = YES;
				CLANG_WARN_DIRECT_OBJC_ISA_USAGE = YES_ERROR;
				CLANG_WARN_DOCUMENTATION_COMMENTS = YES;
				CLANG_WARN_EMPTY_BODY = YES;
				CLANG_WARN_ENUM_CONVERSION = YES;
				CLANG_WARN_INFINITE_RECURSION = YES;
				CLANG_WARN_INT_CONVERSION = YES;
				CLANG_WARN_NON_LITERAL_NULL_CONVERSION = YES;
				CLANG_WARN_OBJC_IMPLICIT_RETAIN_SELF = YES;
				CLANG_WARN_OBJC_LITERAL_CONVERSION = YES;
				CLANG_WARN_OBJC_ROOT_CLASS = YES_ERROR;
				CLANG_WARN_RANGE_LOOP_ANALYSIS = YES;
				CLANG_WARN_STRICT_PROTOTYPES = YES;
				CLANG_WARN_SUSPICIOUS_MOVE = YES;
				CLANG_WARN_UNGUARDED_AVAILABILITY = YES_AGGRESSIVE;
				CLANG_WARN_UNREACHABLE_CODE = YES;
				CLANG_WARN__DUPLICATE_METHOD_MATCH = YES;
				CODE_SIGN_IDENTITY = "iPhone Developer";
				COPY_PHASE_STRIP = NO;
				DEBUG_INFORMATION_FORMAT = "dwarf-with-dsym";
				ENABLE_NS_ASSERTIONS = NO;
				ENABLE_STRICT_OBJC_MSGSEND = YES;
				GCC_C_LANGUAGE_STANDARD = gnu11;
				GCC_NO_COMMON_BLOCKS = YES;
				GCC_WARN_64_TO_32_BIT_CONVERSION = YES;
				GCC_WARN_ABOUT_RETURN_TYPE = YES_ERROR;
				GCC_WARN_UNDECLARED_SELECTOR = YES;
				GCC_WARN_UNINITIALIZED_AUTOS = YES_AGGRESSIVE;
				GCC_WARN_UNUSED_FUNCTION = YES;
				GCC_WARN_UNUSED_VARIABLE = YES;
				IPHONEOS_DEPLOYMENT_TARGET = 11.4;
				MTL_ENABLE_DEBUG_INFO = NO;
				SDKROOT = iphoneos;
				SWIFT_COMPILATION_MODE = wholemodule;
				SWIFT_OPTIMIZATION_LEVEL = "-O";
				VALIDATE_PRODUCT = YES;
			};
			name = Release;
		};
		388E05C1212C5F9F0004B8DA /* Debug */ = {
			isa = XCBuildConfiguration;
			buildSettings = {
				ASSETCATALOG_COMPILER_APPICON_NAME = AppIcon;
				CODE_SIGN_STYLE = Automatic;
				DEVELOPMENT_TEAM = S2V96BB45E;
				INFOPLIST_FILE = "Solar System/Info.plist";
				LD_RUNPATH_SEARCH_PATHS = (
					"$(inherited)",
					"@executable_path/Frameworks",
				);
				PRODUCT_BUNDLE_IDENTIFIER = "com.EricAndersen.Solar-System";
				PRODUCT_NAME = "$(TARGET_NAME)";
				SWIFT_VERSION = 4.0;
				TARGETED_DEVICE_FAMILY = "1,2";
			};
			name = Debug;
		};
		388E05C2212C5F9F0004B8DA /* Release */ = {
			isa = XCBuildConfiguration;
			buildSettings = {
				ASSETCATALOG_COMPILER_APPICON_NAME = AppIcon;
				CODE_SIGN_STYLE = Automatic;
				DEVELOPMENT_TEAM = S2V96BB45E;
				INFOPLIST_FILE = "Solar System/Info.plist";
				LD_RUNPATH_SEARCH_PATHS = (
					"$(inherited)",
					"@executable_path/Frameworks",
				);
				PRODUCT_BUNDLE_IDENTIFIER = "com.EricAndersen.Solar-System";
				PRODUCT_NAME = "$(TARGET_NAME)";
				SWIFT_VERSION = 4.0;
				TARGETED_DEVICE_FAMILY = "1,2";
			};
			name = Release;
		};
/* End XCBuildConfiguration section */

/* Begin XCConfigurationList section */
		388E05A9212C5F9E0004B8DA /* Build configuration list for PBXProject "Solar System" */ = {
			isa = XCConfigurationList;
			buildConfigurations = (
				388E05BE212C5F9F0004B8DA /* Debug */,
				388E05BF212C5F9F0004B8DA /* Release */,
			);
			defaultConfigurationIsVisible = 0;
			defaultConfigurationName = Release;
		};
		388E05C0212C5F9F0004B8DA /* Build configuration list for PBXNativeTarget "Solar System" */ = {
			isa = XCConfigurationList;
			buildConfigurations = (
				388E05C1212C5F9F0004B8DA /* Debug */,
				388E05C2212C5F9F0004B8DA /* Release */,
			);
			defaultConfigurationIsVisible = 0;
			defaultConfigurationName = Release;
		};
/* End XCConfigurationList section */
	};
	rootObject = 388E05A6212C5F9E0004B8DA /* Project object */;
}
